
Microsoft Visual Studio Solution File, Format Version 12.00
# Visual Studio 15
VisualStudioVersion = 15.0.28307.168
MinimumVisualStudioVersion = 10.0.40219.1
Project("{FAE04EC0-301F-11D3-BF4B-00C04F79EFBC}") = "soloLM2", "soloLM2\soloLM2.csproj", "{ACF099E8-8E64-44CE-85A2-C617F035E95A}"
EndProject
Global
	GlobalSection(SolutionConfigurationPlatforms) = preSolution
		Debug|Any CPU = Debug|Any CPU
		Release|Any CPU = Release|Any CPU
	EndGlobalSection
	GlobalSection(ProjectConfigurationPlatforms) = postSolution
		{ACF099E8-8E64-44CE-85A2-C617F035E95A}.Debug|Any CPU.ActiveCfg = Debug|Any CPU
		{ACF099E8-8E64-44CE-85A2-C617F035E95A}.Debug|Any CPU.Build.0 = Debug|Any CPU
		{ACF099E8-8E64-44CE-85A2-C617F035E95A}.Release|Any CPU.ActiveCfg = Release|Any CPU
		{ACF099E8-8E64-44CE-85A2-C617F035E95A}.Release|Any CPU.Build.0 = Release|Any CPU
	EndGlobalSection
	GlobalSection(SolutionProperties) = preSolution
		HideSolutionNode = FALSE
	EndGlobalSection
	GlobalSection(ExtensibilityGlobals) = postSolution
		SolutionGuid = {9CA7C1B7-2456-4B6C-B0A6-3AE185031FAB}
	EndGlobalSection
EndGlobal
